
Microsoft Visual Studio Solution File, Format Version 12.00
# Visual Studio 2013
VisualStudioVersion = 12.0.40629.0
MinimumVisualStudioVersion = 10.0.40219.1
Project("{FAE04EC0-301F-11D3-BF4B-00C04F79EFBC}") = "BelaLog", "BelaLog\BelaLog.csproj", "{F4CFB778-5973-45D3-A3CE-1C5CF6FF662F}"
EndProject
Project("{FAE04EC0-301F-11D3-BF4B-00C04F79EFBC}") = "BelaLog.UT", "BelaLog.UT\BelaLog.UT.csproj", "{775BB997-BD25-48E3-858B-286BE08C6C54}"
EndProject
Project("{FAE04EC0-301F-11D3-BF4B-00C04F79EFBC}") = "LogToConsole", "LogToConsole\LogToConsole.csproj", "{91068A02-D46A-416A-AE87-DE8AF44F84D4}"
EndProject
Global
	GlobalSection(SolutionConfigurationPlatforms) = preSolution
		Debug|Any CPU = Debug|Any CPU
		Release|Any CPU = Release|Any CPU
	EndGlobalSection
	GlobalSection(ProjectConfigurationPlatforms) = postSolution
		{F4CFB778-5973-45D3-A3CE-1C5CF6FF662F}.Debug|Any CPU.ActiveCfg = Debug|Any CPU
		{F4CFB778-5973-45D3-A3CE-1C5CF6FF662F}.Debug|Any CPU.Build.0 = Debug|Any CPU
		{F4CFB778-5973-45D3-A3CE-1C5CF6FF662F}.Release|Any CPU.ActiveCfg = Release|Any CPU
		{F4CFB778-5973-45D3-A3CE-1C5CF6FF662F}.Release|Any CPU.Build.0 = Release|Any CPU
		{775BB997-BD25-48E3-858B-286BE08C6C54}.Debug|Any CPU.ActiveCfg = Debug|Any CPU
		{775BB997-BD25-48E3-858B-286BE08C6C54}.Debug|Any CPU.Build.0 = Debug|Any CPU
		{775BB997-BD25-48E3-858B-286BE08C6C54}.Release|Any CPU.ActiveCfg = Release|Any CPU
		{775BB997-BD25-48E3-858B-286BE08C6C54}.Release|Any CPU.Build.0 = Release|Any CPU
		{91068A02-D46A-416A-AE87-DE8AF44F84D4}.Debug|Any CPU.ActiveCfg = Debug|Any CPU
		{91068A02-D46A-416A-AE87-DE8AF44F84D4}.Debug|Any CPU.Build.0 = Debug|Any CPU
		{91068A02-D46A-416A-AE87-DE8AF44F84D4}.Release|Any CPU.ActiveCfg = Release|Any CPU
		{91068A02-D46A-416A-AE87-DE8AF44F84D4}.Release|Any CPU.Build.0 = Release|Any CPU
	EndGlobalSection
	GlobalSection(SolutionProperties) = preSolution
		HideSolutionNode = FALSE
	EndGlobalSection
EndGlobal
